
Microsoft Visual Studio Solution File, Format Version 12.00
# Visual Studio Version 17
VisualStudioVersion = 17.14.36804.6 d17.14
MinimumVisualStudioVersion = 10.0.40219.1
Project("{FAE04EC0-301F-11D3-BF4B-00C04F79EFBC}") = "lab1", "lab1\lab1.csproj", "{B39B1D83-D1B4-40C8-AF87-E6E9A7EFA43C}"
EndProject
Global
	GlobalSection(SolutionConfigurationPlatforms) = preSolution
		Debug|Any CPU = Debug|Any CPU
		Release|Any CPU = Release|Any CPU
	EndGlobalSection
	GlobalSection(ProjectConfigurationPlatforms) = postSolution
		{B39B1D83-D1B4-40C8-AF87-E6E9A7EFA43C}.Debug|Any CPU.ActiveCfg = Debug|Any CPU
		{B39B1D83-D1B4-40C8-AF87-E6E9A7EFA43C}.Debug|Any CPU.Build.0 = Debug|Any CPU
		{B39B1D83-D1B4-40C8-AF87-E6E9A7EFA43C}.Release|Any CPU.ActiveCfg = Release|Any CPU
		{B39B1D83-D1B4-40C8-AF87-E6E9A7EFA43C}.Release|Any CPU.Build.0 = Release|Any CPU
	EndGlobalSection
	GlobalSection(SolutionProperties) = preSolution
		HideSolutionNode = FALSE
	EndGlobalSection
	GlobalSection(ExtensibilityGlobals) = postSolution
		SolutionGuid = {B0062876-CFE5-4D5F-930E-5EBB70BACA38}
	EndGlobalSection
EndGlobal
